
Microsoft Visual Studio Solution File, Format Version 12.00
# Visual Studio Version 16
VisualStudioVersion = 16.0.31515.178
MinimumVisualStudioVersion = 10.0.40219.1
Project("{FAE04EC0-301F-11D3-BF4B-00C04F79EFBC}") = "Neuron", "Neuron\Neuron.csproj", "{579E5DCE-9E89-4F31-AEBA-31C9F7DEAF8B}"
EndProject
Global
	GlobalSection(SolutionConfigurationPlatforms) = preSolution
		Debug|Any CPU = Debug|Any CPU
		Release|Any CPU = Release|Any CPU
	EndGlobalSection
	GlobalSection(ProjectConfigurationPlatforms) = postSolution
		{579E5DCE-9E89-4F31-AEBA-31C9F7DEAF8B}.Debug|Any CPU.ActiveCfg = Debug|Any CPU
		{579E5DCE-9E89-4F31-AEBA-31C9F7DEAF8B}.Debug|Any CPU.Build.0 = Debug|Any CPU
		{579E5DCE-9E89-4F31-AEBA-31C9F7DEAF8B}.Release|Any CPU.ActiveCfg = Release|Any CPU
		{579E5DCE-9E89-4F31-AEBA-31C9F7DEAF8B}.Release|Any CPU.Build.0 = Release|Any CPU
	EndGlobalSection
	GlobalSection(SolutionProperties) = preSolution
		HideSolutionNode = FALSE
	EndGlobalSection
	GlobalSection(ExtensibilityGlobals) = postSolution
		SolutionGuid = {FAA12BA5-03BC-4AFE-89B3-3DEA04486BD6}
	EndGlobalSection
EndGlobal
